
Microsoft Visual Studio Solution File, Format Version 12.00
# Visual Studio 15
VisualStudioVersion = 15.0.27703.2026
MinimumVisualStudioVersion = 10.0.40219.1
Project("{FAE04EC0-301F-11D3-BF4B-00C04F79EFBC}") = "VariableOrganizer", "VariableOrganizer\VariableOrganizer.csproj", "{35DBB6D4-CFE6-49A1-BD83-09A47054E498}"
EndProject
Global
	GlobalSection(SolutionConfigurationPlatforms) = preSolution
		Debug|Any CPU = Debug|Any CPU
		Release|Any CPU = Release|Any CPU
	EndGlobalSection
	GlobalSection(ProjectConfigurationPlatforms) = postSolution
		{35DBB6D4-CFE6-49A1-BD83-09A47054E498}.Debug|Any CPU.ActiveCfg = Debug|Any CPU
		{35DBB6D4-CFE6-49A1-BD83-09A47054E498}.Debug|Any CPU.Build.0 = Debug|Any CPU
		{35DBB6D4-CFE6-49A1-BD83-09A47054E498}.Release|Any CPU.ActiveCfg = Release|Any CPU
		{35DBB6D4-CFE6-49A1-BD83-09A47054E498}.Release|Any CPU.Build.0 = Release|Any CPU
	EndGlobalSection
	GlobalSection(SolutionProperties) = preSolution
		HideSolutionNode = FALSE
	EndGlobalSection
	GlobalSection(ExtensibilityGlobals) = postSolution
		SolutionGuid = {0B4637DD-D9BD-4371-A7D9-031F96CB77C5}
	EndGlobalSection
EndGlobal
